
Microsoft Visual Studio Solution File, Format Version 12.00
# Visual Studio Version 17
VisualStudioVersion = 17.3.32922.545
MinimumVisualStudioVersion = 10.0.40219.1
Project("{FAE04EC0-301F-11D3-BF4B-00C04F79EFBC}") = "JwtWebApiTutorial", "JwtWebApiTutorial\JwtWebApiTutorial.csproj", "{B4437BA8-0E22-460B-BDE6-6866734ECB38}"
EndProject
Global
	GlobalSection(SolutionConfigurationPlatforms) = preSolution
		Debug|Any CPU = Debug|Any CPU
		Release|Any CPU = Release|Any CPU
	EndGlobalSection
	GlobalSection(ProjectConfigurationPlatforms) = postSolution
		{B4437BA8-0E22-460B-BDE6-6866734ECB38}.Debug|Any CPU.ActiveCfg = Debug|Any CPU
		{B4437BA8-0E22-460B-BDE6-6866734ECB38}.Debug|Any CPU.Build.0 = Debug|Any CPU
		{B4437BA8-0E22-460B-BDE6-6866734ECB38}.Release|Any CPU.ActiveCfg = Release|Any CPU
		{B4437BA8-0E22-460B-BDE6-6866734ECB38}.Release|Any CPU.Build.0 = Release|Any CPU
	EndGlobalSection
	GlobalSection(SolutionProperties) = preSolution
		HideSolutionNode = FALSE
	EndGlobalSection
	GlobalSection(ExtensibilityGlobals) = postSolution
		SolutionGuid = {F0F72AA7-9641-44A0-818F-E9B7577E6489}
	EndGlobalSection
EndGlobal
